hash: 4ffbe86ac16af906c3299d2eb0527eb0840556dae3f0fa9cd07b02266a1660d8
updated: 2016-11-01T16:38:52.981761282+09:00
imports:
- name: github.com/labstack/echo
  version: 04e6901d05b58ddbae579a6252a3d1bb3f334adc
  subpackages:
  - context
  - engine
  - engine/standard
  - log
- name: github.com/labstack/gommon
  version: 2d272df536d051e737aea353b86c979d6e88bce0
  subpackages:
  - color
  - log
- name: github.com/mattn/go-colorable
  version: 6c903ff4aa50920ca86087a280590b36b3152b9c
- name: github.com/mattn/go-isatty
  version: 66b8e73f3f5cda9f96b69efd03dd3d7fc4a5cdb8
- name: github.com/valyala/fasttemplate
  version: 3b874956e03f1636d171bda64b130f9135f42cff
- name: golang.org/x/net
  version: 541150ac4f433e755f5663eba5d888c2fa347343
  subpackages:
  - context
- name: golang.org/x/sys
  version: c200b10b5d5e122be351b67af224adc6128af5bf
  subpackages:
  - unix
testImports: []
